
Microsoft Visual Studio Solution File, Format Version 12.00
# Visual Studio Version 16
VisualStudioVersion = 16.0.30907.101
MinimumVisualStudioVersion = 10.0.40219.1
Project("{FAE04EC0-301F-11D3-BF4B-00C04F79EFBC}") = "chatroom", "chatroom.csproj", "{79259E85-A93F-438C-92BE-0B7BC223884E}"
EndProject
Global
	GlobalSection(SolutionConfigurationPlatforms) = preSolution
		Debug|Any CPU = Debug|Any CPU
		Release|Any CPU = Release|Any CPU
	EndGlobalSection
	GlobalSection(ProjectConfigurationPlatforms) = postSolution
		{79259E85-A93F-438C-92BE-0B7BC223884E}.Debug|Any CPU.ActiveCfg = Debug|Any CPU
		{79259E85-A93F-438C-92BE-0B7BC223884E}.Debug|Any CPU.Build.0 = Debug|Any CPU
		{79259E85-A93F-438C-92BE-0B7BC223884E}.Release|Any CPU.ActiveCfg = Release|Any CPU
		{79259E85-A93F-438C-92BE-0B7BC223884E}.Release|Any CPU.Build.0 = Release|Any CPU
	EndGlobalSection
	GlobalSection(SolutionProperties) = preSolution
		HideSolutionNode = FALSE
	EndGlobalSection
	GlobalSection(ExtensibilityGlobals) = postSolution
		SolutionGuid = {722B52E6-85D2-40F2-B5AA-3360B3BA14D0}
	EndGlobalSection
EndGlobal
